<?xml version="1.0" encoding="utf-8"?>
<Project ToolsVersion="4.0" xmlns="http://schemas.microsoft.com/developer/msbuild/2003">
  <ItemGroup>
    <Filter Include="源文件">
      <UniqueIdentifier>{4FC737F1-C7A5-4376-A066-2A32D752A2FF}</UniqueIdentifier>
      <Extensions>cpp;c;cc;cxx;def;odl;idl;hpj;bat;asm;asmx</Extensions>
    </Filter>
    <Filter Include="头文件">
      <UniqueIdentifier>{93995380-89BD-4b04-88EB-625FBE52EBFB}</UniqueIdentifier>
      <Extensions>h;hh;hpp;hxx;hm;inl;inc;xsd</Extensions>
    </Filter>
    <Filter Include="资源文件">
      <UniqueIdentifier>{67DA6AB6-F800-4c08-8B7A-83BB121AAD01}</UniqueIdentifier>
      <Extensions>rc;ico;cur;bmp;dlg;rc2;rct;bin;rgs;gif;jpg;jpeg;jpe;resx;tiff;tif;png;wav;mfcribbon-ms</Extensions>
    </Filter>
  </ItemGroup>
  <ItemGroup>
    <ClCompile Include="..\MW1D\BaseSolver.cpp">
      <Filter>源文件</Filter>
    </ClCompile>
    <ClCompile Include="..\MW1D\FullSolver.cpp">
      <Filter>源文件</Filter>
    </ClCompile>
    <ClCompile Include="..\MW1D\Macro.cpp">
      <Filter>源文件</Filter>
    </ClCompile>
    <ClCompile Include="..\MW1D\main.cpp">
      <Filter>源文件</Filter>
    </ClCompile>
    <ClCompile Include="..\MW1D\Micro.cpp">
      <Filter>源文件</Filter>
    </ClCompile>
    <ClCompile Include="..\MW1D\MicroSetBuilder.cpp">
      <Filter>源文件</Filter>
    </ClCompile>
    <ClCompile Include="..\MW1D\MineSweeper.cpp">
      <Filter>源文件</Filter>
    </ClCompile>
    <ClCompile Include="..\MW1D\OptimalSolver.cpp">
      <Filter>源文件</Filter>
    </ClCompile>
    <ClCompile Include="..\MW1D\ProbabilityBuilder.cpp">
      <Filter>源文件</Filter>
    </ClCompile>
    <ClCompile Include="..\MW1D\SingleSolver.cpp">
      <Filter>源文件</Filter>
    </ClCompile>
    <ClCompile Include="..\MW1D\TotalMinesBuilder.cpp">
      <Filter>源文件</Filter>
    </ClCompile>
    <ClCompile Include="..\MW1D\stdafx.cpp">
      <Filter>源文件</Filter>
    </ClCompile>
    <ClCompile Include="..\MW1D\FLHeuristic.cpp">
      <Filter>源文件</Filter>
    </ClCompile>
  </ItemGroup>
  <ItemGroup>
    <ClInclude Include="..\MW1D\BaseSolver.h">
      <Filter>头文件</Filter>
    </ClInclude>
    <ClInclude Include="..\MW1D\FullSolver.h">
      <Filter>头文件</Filter>
    </ClInclude>
    <ClInclude Include="..\MW1D\Macro.h">
      <Filter>头文件</Filter>
    </ClInclude>
    <ClInclude Include="..\MW1D\main.h">
      <Filter>头文件</Filter>
    </ClInclude>
    <ClInclude Include="..\MW1D\Micro.h">
      <Filter>头文件</Filter>
    </ClInclude>
    <ClInclude Include="..\MW1D\MicroSetBuilder.h">
      <Filter>头文件</Filter>
    </ClInclude>
    <ClInclude Include="..\MW1D\MineSweeper.h">
      <Filter>头文件</Filter>
    </ClInclude>
    <ClInclude Include="..\MW1D\OptimalSolver.h">
      <Filter>头文件</Filter>
    </ClInclude>
    <ClInclude Include="..\MW1D\ProbabilityBuilder.h">
      <Filter>头文件</Filter>
    </ClInclude>
    <ClInclude Include="..\MW1D\SingleSolver.h">
      <Filter>头文件</Filter>
    </ClInclude>
    <ClInclude Include="..\MW1D\TotalMinesBuilder.h">
      <Filter>头文件</Filter>
    </ClInclude>
    <ClInclude Include="..\MW1D\common.h">
      <Filter>头文件</Filter>
    </ClInclude>
    <ClInclude Include="..\MW1D\stdafx.h">
      <Filter>头文件</Filter>
    </ClInclude>
    <ClInclude Include="..\MW1D\FLHeuristic.h">
      <Filter>头文件</Filter>
    </ClInclude>
  </ItemGroup>
</Project>